<?xml version="1.0" encoding="utf-8"?>
<Project ToolsVersion="4.0" xmlns="http://schemas.microsoft.com/developer/msbuild/2003">
  <ItemGroup>
    <Filter Include="소스 파일">
      <UniqueIdentifier>{4FC737F1-C7A5-4376-A066-2A32D752A2FF}</UniqueIdentifier>
      <Extensions>cpp;c;cc;cxx;def;odl;idl;hpj;bat;asm;asmx</Extensions>
    </Filter>
    <Filter Include="헤더 파일">
      <UniqueIdentifier>{93995380-89BD-4b04-88EB-625FBE52EBFB}</UniqueIdentifier>
      <Extensions>h;hh;hpp;hxx;hm;inl;inc;ipp;xsd</Extensions>
    </Filter>
    <Filter Include="리소스 파일">
      <UniqueIdentifier>{67DA6AB6-F800-4c08-8B7A-83BB121AAD01}</UniqueIdentifier>
      <Extensions>rc;ico;cur;bmp;dlg;rc2;rct;bin;rgs;gif;jpg;jpeg;jpe;resx;tiff;tif;png;wav;mfcribbon-ms</Extensions>
    </Filter>
  </ItemGroup>
  <ItemGroup>
    <ClCompile Include="SuffixArrayAlgorithm.cpp">
      <Filter>소스 파일</Filter>
    </ClCompile>
    <ClCompile Include="LinearCongruential.cpp">
      <Filter>소스 파일</Filter>
    </ClCompile>
    <ClCompile Include="mergeSort.cpp">
      <Filter>소스 파일</Filter>
    </ClCompile>
    <ClCompile Include="unionFind_EDITORWARS.cpp">
      <Filter>소스 파일</Filter>
    </ClCompile>
    <ClCompile Include="bitmarsk_Eratosthenes.cpp">
      <Filter>소스 파일</Filter>
    </ClCompile>
    <ClCompile Include="DP_bitmas_GRADUATION.cpp">
      <Filter>소스 파일</Filter>
    </ClCompile>
    <ClCompile Include="suffixArray_HABIT.cpp">
      <Filter>소스 파일</Filter>
    </ClCompile>
    <ClCompile Include="linkedList_JOSEPHUS.cpp">
      <Filter>소스 파일</Filter>
    </ClCompile>
    <ClCompile Include="DP_reconsturct ver_LIS.cpp">
      <Filter>소스 파일</Filter>
    </ClCompile>
    <ClCompile Include="fenwickTree_MEASURETIME.cpp">
      <Filter>소스 파일</Filter>
    </ClCompile>
    <ClCompile Include="BST_NERD2.cpp">
      <Filter>소스 파일</Filter>
    </ClCompile>
    <ClCompile Include="KMP_original.cpp">
      <Filter>소스 파일</Filter>
    </ClCompile>
    <ClCompile Include="DP_reconstruct ver_PACKING.cpp">
      <Filter>소스 파일</Filter>
    </ClCompile>
    <ClCompile Include="KMP_PALINDROMIZE.cpp">
      <Filter>소스 파일</Filter>
    </ClCompile>
    <ClCompile Include="heap_RUNNINGMEDIAN.cpp">
      <Filter>소스 파일</Filter>
    </ClCompile>
    <ClCompile Include="RMQ_sortedArrayFreqTree.cpp">
      <Filter>소스 파일</Filter>
    </ClCompile>
    <ClCompile Include="RMQ_MORDOR.cpp">
      <Filter>소스 파일</Filter>
    </ClCompile>
    <ClCompile Include="heap.cpp">
      <Filter>소스 파일</Filter>
    </ClCompile>
    <ClCompile Include="Newtons sqrt.cpp">
      <Filter>소스 파일</Filter>
    </ClCompile>
    <ClCompile Include="sqrt decomposition.cpp">
      <Filter>소스 파일</Filter>
    </ClCompile>
    <ClCompile Include="Vector.cpp">
      <Filter>소스 파일</Filter>
    </ClCompile>
    <ClCompile Include="MO.cpp">
      <Filter>소스 파일</Filter>
    </ClCompile>
    <ClCompile Include="persistent segment tree.cpp">
      <Filter>소스 파일</Filter>
    </ClCompile>
    <ClCompile Include="persistant segtree K th num.cpp">
      <Filter>소스 파일</Filter>
    </ClCompile>
    <ClCompile Include="Trie.cpp">
      <Filter>소스 파일</Filter>
    </ClCompile>
    <ClCompile Include="AhoCorasick.cpp">
      <Filter>소스 파일</Filter>
    </ClCompile>
    <ClCompile Include="KMP_Jaeha%27s Safe.cpp">
      <Filter>소스 파일</Filter>
    </ClCompile>
    <ClCompile Include="EulerCircuit.cpp">
      <Filter>소스 파일</Filter>
    </ClCompile>
    <ClCompile Include="dijkstra.cpp">
      <Filter>소스 파일</Filter>
    </ClCompile>
    <ClCompile Include="floyd.cpp">
      <Filter>소스 파일</Filter>
    </ClCompile>
    <ClCompile Include="bellmanFord.cpp">
      <Filter>소스 파일</Filter>
    </ClCompile>
    <ClCompile Include="kruscal_prim.cpp">
      <Filter>소스 파일</Filter>
    </ClCompile>
    <ClCompile Include="prim.cpp">
      <Filter>소스 파일</Filter>
    </ClCompile>
    <ClCompile Include="kruscal_TPATH.cpp">
      <Filter>소스 파일</Filter>
    </ClCompile>
    <ClCompile Include="networkFlow.cpp">
      <Filter>소스 파일</Filter>
    </ClCompile>
    <ClCompile Include="bipartiteMatch.cpp">
      <Filter>소스 파일</Filter>
    </ClCompile>
    <ClCompile Include="bishop.cpp">
      <Filter>소스 파일</Filter>
    </ClCompile>
    <ClCompile Include="Tree_fortress.cpp">
      <Filter>소스 파일</Filter>
    </ClCompile>
    <ClCompile Include="Hash.cpp">
      <Filter>소스 파일</Filter>
    </ClCompile>
    <ClCompile Include="lazyPropagation.cpp">
      <Filter>소스 파일</Filter>
    </ClCompile>
    <ClCompile Include="GCD.cpp">
      <Filter>소스 파일</Filter>
    </ClCompile>
    <ClCompile Include="linkedList.cpp">
      <Filter>소스 파일</Filter>
    </ClCompile>
    <ClCompile Include="CutVertex.cpp">
      <Filter>소스 파일</Filter>
    </ClCompile>
    <ClCompile Include="Cycle.cpp">
      <Filter>소스 파일</Filter>
    </ClCompile>
    <ClCompile Include="Bridge.cpp">
      <Filter>소스 파일</Filter>
    </ClCompile>
    <ClCompile Include="SCC_Kosaraju.cpp">
      <Filter>소스 파일</Filter>
    </ClCompile>
    <ClCompile Include="treap_검증완료.cpp">
      <Filter>소스 파일</Filter>
    </ClCompile>
    <ClCompile Include="segmentTree.cpp">
      <Filter>소스 파일</Filter>
    </ClCompile>
    <ClCompile Include="BCC.cpp">
      <Filter>소스 파일</Filter>
    </ClCompile>
    <ClCompile Include="2-SAT.cpp">
      <Filter>소스 파일</Filter>
    </ClCompile>
    <ClCompile Include="MCMF.cpp">
      <Filter>소스 파일</Filter>
    </ClCompile>
    <ClCompile Include="parallelBinarySearch.cpp">
      <Filter>소스 파일</Filter>
    </ClCompile>
    <ClCompile Include="HeavyLightDecomposition .cpp">
      <Filter>소스 파일</Filter>
    </ClCompile>
    <ClCompile Include="closestPair.cpp">
      <Filter>소스 파일</Filter>
    </ClCompile>
    <ClCompile Include="시간측정.cpp">
      <Filter>소스 파일</Filter>
    </ClCompile>
    <ClCompile Include="이차원 배열 덮기.cpp">
      <Filter>소스 파일</Filter>
    </ClCompile>
    <ClCompile Include="convexHullTrick.cpp">
      <Filter>소스 파일</Filter>
    </ClCompile>
    <ClCompile Include="meetInTheMiddle.cpp">
      <Filter>소스 파일</Filter>
    </ClCompile>
    <ClCompile Include="quick_sort.cpp">
      <Filter>소스 파일</Filter>
    </ClCompile>
    <ClCompile Include="Midpoint_circle_algorithm.cpp">
      <Filter>소스 파일</Filter>
    </ClCompile>
  </ItemGroup>
</Project>